
Microsoft Visual Studio Solution File, Format Version 12.00
# Visual Studio Version 17
VisualStudioVersion = 17.6.33815.320
MinimumVisualStudioVersion = 10.0.40219.1
Project("{9A19103F-16F7-4668-BE54-9A1E7A4F7556}") = "Sparql.QueryEasy", "Sparql.QueryEasy\Sparql.QueryEasy.csproj", "{6CD8F884-5FC4-4D68-BA21-E116E764D02C}"
EndProject
Global
	GlobalSection(SolutionConfigurationPlatforms) = preSolution
		Debug|Any CPU = Debug|Any CPU
		Release|Any CPU = Release|Any CPU
	EndGlobalSection
	GlobalSection(ProjectConfigurationPlatforms) = postSolution
		{6CD8F884-5FC4-4D68-BA21-E116E764D02C}.Debug|Any CPU.ActiveCfg = Debug|Any CPU
		{6CD8F884-5FC4-4D68-BA21-E116E764D02C}.Debug|Any CPU.Build.0 = Debug|Any CPU
		{6CD8F884-5FC4-4D68-BA21-E116E764D02C}.Release|Any CPU.ActiveCfg = Release|Any CPU
		{6CD8F884-5FC4-4D68-BA21-E116E764D02C}.Release|Any CPU.Build.0 = Release|Any CPU
	EndGlobalSection
	GlobalSection(SolutionProperties) = preSolution
		HideSolutionNode = FALSE
	EndGlobalSection
	GlobalSection(ExtensibilityGlobals) = postSolution
		SolutionGuid = {E00064C4-705C-4267-9DA1-A4B8241EA8E4}
	EndGlobalSection
EndGlobal
